
Microsoft Visual Studio Solution File, Format Version 12.00
# Visual Studio Version 16
VisualStudioVersion = 16.0.30804.86
MinimumVisualStudioVersion = 10.0.40219.1
Project("{FAE04EC0-301F-11D3-BF4B-00C04F79EFBC}") = "AdventOfCode", "AdventOfCode\AdventOfCode.csproj", "{FD298AFD-C043-48DD-A78F-417188897CE3}"
EndProject
Global
	GlobalSection(SolutionConfigurationPlatforms) = preSolution
		Debug|Any CPU = Debug|Any CPU
		Release|Any CPU = Release|Any CPU
	EndGlobalSection
	GlobalSection(ProjectConfigurationPlatforms) = postSolution
		{FD298AFD-C043-48DD-A78F-417188897CE3}.Debug|Any CPU.ActiveCfg = Debug|Any CPU
		{FD298AFD-C043-48DD-A78F-417188897CE3}.Debug|Any CPU.Build.0 = Debug|Any CPU
		{FD298AFD-C043-48DD-A78F-417188897CE3}.Release|Any CPU.ActiveCfg = Release|Any CPU
		{FD298AFD-C043-48DD-A78F-417188897CE3}.Release|Any CPU.Build.0 = Release|Any CPU
	EndGlobalSection
	GlobalSection(SolutionProperties) = preSolution
		HideSolutionNode = FALSE
	EndGlobalSection
	GlobalSection(ExtensibilityGlobals) = postSolution
		SolutionGuid = {C588B03D-7930-4E09-9DD6-B2D1406D37F7}
	EndGlobalSection
EndGlobal
